NeoBundleLock AnsiEsc.vim d2bb7878622e4c16203acf1c92a0f4bc7ac58003
NeoBundleLock clang_complete c41eea05317526a4ddd3bd389f3723390b196d4d
NeoBundleLock indentLine a97b6d12ae06c2db524e2ceba976f1d4f4637cb7
NeoBundleLock molokai c67bdfcdb31415aa0ade7f8c003261700a885476
NeoBundleLock neobundle.vim c6fa48cd665071b7a4dbf5ab53f48cd5884716ee
NeoBundleLock neocomplcache 778181767467b8f8016828898779a646074d883a
NeoBundleLock neocomplcache-clang_complete 8a7826d506422dfadb6872277659965bd3cc950b
NeoBundleLock nerdtree 66e00e61a2bcb65d5992c19356fb98ae1bdb5380
NeoBundleLock unite-colorscheme 505157450fe1a967c6c044d3bfe18d896e3d5d08
NeoBundleLock unite.vim 39dbd776f304d3a5f20483298be80991ed8fbd09
NeoBundleLock vim-autoclose a9a3b7384657bc1f60a963fd6c08c63fc48d61c3
